{
  "requires": true,
  "lockfileVersion": 1,
  "dependencies": {
    "@angular/forms": {
      "version": "12.2.4",
      "resolved": "https://registry.npmjs.org/@angular/forms/-/forms-12.2.4.tgz",
      "integrity": "sha512-o8z2c9WhlptcptonLj+dFkKqTqhc+RAbPIGIGisQpRi6FWgWfn75oXdIuqtHC7oNPDqQfH6zkwcgN2NlUC0uHA==",
      "requires": {
        "tslib": "^2.2.0"
      }
    },
    "tslib": {
      "version": "2.3.1",
      "resolved": "https://registry.npmjs.org/tslib/-/tslib-2.3.1.tgz",
      "integrity": "sha512-77EbyPPpMz+FRFRuAFlWMtmgUWGe9UOG2Z25NqCwiIjRhOf5iKGuzSe5P2w1laq+FkRy4p+PCuVkJSGkzTEKVw=="
    }
  }
}
